// !$*UTF8*$!
{
	archiveVersion = 1;
	classes = {
	};
	objectVersion = 50;
	objects = {

/* Begin PBXBuildFile section */
		6955F7E6260B9B4D009E4614 /* NeatoTestApp.swift in Sources */ = {isa = PBXBuildFile; fileRef = 6955F7E5260B9B4D009E4614 /* NeatoTestApp.swift */; };
		6955F7EA260B9B4F009E4614 /* Assets.xcassets in Resources */ = {isa = PBXBuildFile; fileRef = 6955F7E9260B9B4F009E4614 /* Assets.xcassets */; };
		6955F7ED260B9B4F009E4614 /* Preview Assets.xcassets in Resources */ = {isa = PBXBuildFile; fileRef = 6955F7EC260B9B4F009E4614 /* Preview Assets.xcassets */; };
		6955F7F8260B9B4F009E4614 /* NeatoTestTests.swift in Sources */ = {isa = PBXBuildFile; fileRef = 6955F7F7260B9B4F009E4614 /* NeatoTestTests.swift */; };
		6955F803260B9B4F009E4614 /* NeatoTestUITests.swift in Sources */ = {isa = PBXBuildFile; fileRef = 6955F802260B9B4F009E4614 /* NeatoTestUITests.swift */; };
		6955F815260B9C9F009E4614 /* MainSurfingSpotsView.swift in Sources */ = {isa = PBXBuildFile; fileRef = 6955F814260B9C9F009E4614 /* MainSurfingSpotsView.swift */; };
		6955F81D260B9CB3009E4614 /* MainSurfingSpotsViewModel.swift in Sources */ = {isa = PBXBuildFile; fileRef = 6955F81C260B9CB3009E4614 /* MainSurfingSpotsViewModel.swift */; };
		6955F825260B9D50009E4614 /* EndpointProtocol.swift in Sources */ = {isa = PBXBuildFile; fileRef = 6955F824260B9D50009E4614 /* EndpointProtocol.swift */; };
		6955F82D260B9DA6009E4614 /* SurfingSpotsEndpoint.swift in Sources */ = {isa = PBXBuildFile; fileRef = 6955F82C260B9DA6009E4614 /* SurfingSpotsEndpoint.swift */; };
		6955F833260B9EDD009E4614 /* APIProvider.swift in Sources */ = {isa = PBXBuildFile; fileRef = 6955F832260B9EDD009E4614 /* APIProvider.swift */; };
		6955F83B260B9F6C009E4614 /* APIError.swift in Sources */ = {isa = PBXBuildFile; fileRef = 6955F83A260B9F6C009E4614 /* APIError.swift */; };
		6955F840260B9F7B009E4614 /* APIProviderErrors.swift in Sources */ = {isa = PBXBuildFile; fileRef = 6955F83F260B9F7B009E4614 /* APIProviderErrors.swift */; };
		6955F846260BA23B009E4614 /* SurfingSpot.swift in Sources */ = {isa = PBXBuildFile; fileRef = 6955F845260BA23B009E4614 /* SurfingSpot.swift */; };
		6955F84E260BA292009E4614 /* SurfingSpotResponse.swift in Sources */ = {isa = PBXBuildFile; fileRef = 6955F84D260BA292009E4614 /* SurfingSpotResponse.swift */; };
		6955F853260BA696009E4614 /* ActivityIndicator.swift in Sources */ = {isa = PBXBuildFile; fileRef = 6955F852260BA696009E4614 /* ActivityIndicator.swift */; };
		6955F858260BA6B9009E4614 /* SurfingSpotsList.swift in Sources */ = {isa = PBXBuildFile; fileRef = 6955F857260BA6B9009E4614 /* SurfingSpotsList.swift */; };
		6955F85D260BA6D7009E4614 /* SurfingSpotRow.swift in Sources */ = {isa = PBXBuildFile; fileRef = 6955F85C260BA6D7009E4614 /* SurfingSpotRow.swift */; };
		6955F863260BC2BD009E4614 /* AsyncImage.swift in Sources */ = {isa = PBXBuildFile; fileRef = 6955F862260BC2BD009E4614 /* AsyncImage.swift */; };
		6955F868260BC2D2009E4614 /* ImageLoader.swift in Sources */ = {isa = PBXBuildFile; fileRef = 6955F867260BC2D2009E4614 /* ImageLoader.swift */; };
		6955F8F1260CB398009E4614 /* SurfingSpotsGenerator.swift in Sources */ = {isa = PBXBuildFile; fileRef = 6955F8F0260CB398009E4614 /* SurfingSpotsGenerator.swift */; };
		6955F8F6260CB3AA009E4614 /* SeededRandomizer.swift in Sources */ = {isa = PBXBuildFile; fileRef = 6955F8F5260CB3AA009E4614 /* SeededRandomizer.swift */; };
		6955F8FB260CC6D2009E4614 /* SurfingSpotDegreeFormatter.swift in Sources */ = {isa = PBXBuildFile; fileRef = 6955F8FA260CC6D2009E4614 /* SurfingSpotDegreeFormatter.swift */; };
		6955F900260CCB71009E4614 /* WeatherDegreeEndpoint.swift in Sources */ = {isa = PBXBuildFile; fileRef = 6955F8FF260CCB71009E4614 /* WeatherDegreeEndpoint.swift */; };
		6955F905260CCE54009E4614 /* String+Extension.swift in Sources */ = {isa = PBXBuildFile; fileRef = 6955F904260CCE54009E4614 /* String+Extension.swift */; };
		6955F90A260CF4F7009E4614 /* Degree.swift in Sources */ = {isa = PBXBuildFile; fileRef = 6955F909260CF4F7009E4614 /* Degree.swift */; };
/* End PBXBuildFile section */

/* Begin PBXContainerItemProxy section */
		6955F7F4260B9B4F009E4614 /* PBXContainerItemProxy */ = {
			isa = PBXContainerItemProxy;
			containerPortal = 6955F7DA260B9B4C009E4614 /* Project object */;
			proxyType = 1;
			remoteGlobalIDString = 6955F7E1260B9B4D009E4614;
			remoteInfo = NeatoTest;
		};
		6955F7FF260B9B4F009E4614 /* PBXContainerItemProxy */ = {
			isa = PBXContainerItemProxy;
			containerPortal = 6955F7DA260B9B4C009E4614 /* Project object */;
			proxyType = 1;
			remoteGlobalIDString = 6955F7E1260B9B4D009E4614;
			remoteInfo = NeatoTest;
		};
/* End PBXContainerItemProxy section */

/* Begin PBXFileReference section */
		6955F7E2260B9B4D009E4614 /* NeatoTest.app */ = {isa = PBXFileReference; explicitFileType = wrapper.application; includeInIndex = 0; path = NeatoTest.app; sourceTree = BUILT_PRODUCTS_DIR; };
		6955F7E5260B9B4D009E4614 /* NeatoTestApp.swift */ = {isa = PBXFileReference; lastKnownFileType = sourcecode.swift; path = NeatoTestApp.swift; sourceTree = "<group>"; };
		6955F7E9260B9B4F009E4614 /* Assets.xcassets */ = {isa = PBXFileReference; lastKnownFileType = folder.assetcatalog; path = Assets.xcassets; sourceTree = "<group>"; };
		6955F7EC260B9B4F009E4614 /* Preview Assets.xcassets */ = {isa = PBXFileReference; lastKnownFileType = folder.assetcatalog; path = "Preview Assets.xcassets"; sourceTree = "<group>"; };
		6955F7EE260B9B4F009E4614 /* Info.plist */ = {isa = PBXFileReference; lastKnownFileType = text.plist.xml; path = Info.plist; sourceTree = "<group>"; };
		6955F7F3260B9B4F009E4614 /* NeatoTestTests.xctest */ = {isa = PBXFileReference; explicitFileType = wrapper.cfbundle; includeInIndex = 0; path = NeatoTestTests.xctest; sourceTree = BUILT_PRODUCTS_DIR; };
		6955F7F7260B9B4F009E4614 /* NeatoTestTests.swift */ = {isa = PBXFileReference; lastKnownFileType = sourcecode.swift; path = NeatoTestTests.swift; sourceTree = "<group>"; };
		6955F7F9260B9B4F009E4614 /* Info.plist */ = {isa = PBXFileReference; lastKnownFileType = text.plist.xml; path = Info.plist; sourceTree = "<group>"; };
		6955F7FE260B9B4F009E4614 /* NeatoTestUITests.xctest */ = {isa = PBXFileReference; explicitFileType = wrapper.cfbundle; includeInIndex = 0; path = NeatoTestUITests.xctest; sourceTree = BUILT_PRODUCTS_DIR; };
		6955F802260B9B4F009E4614 /* NeatoTestUITests.swift */ = {isa = PBXFileReference; lastKnownFileType = sourcecode.swift; path = NeatoTestUITests.swift; sourceTree = "<group>"; };
		6955F804260B9B4F009E4614 /* Info.plist */ = {isa = PBXFileReference; lastKnownFileType = text.plist.xml; path = Info.plist; sourceTree = "<group>"; };
		6955F814260B9C9F009E4614 /* MainSurfingSpotsView.swift */ = {isa = PBXFileReference; lastKnownFileType = sourcecode.swift; path = MainSurfingSpotsView.swift; sourceTree = "<group>"; };
		6955F81C260B9CB3009E4614 /* MainSurfingSpotsViewModel.swift */ = {isa = PBXFileReference; lastKnownFileType = sourcecode.swift; path = MainSurfingSpotsViewModel.swift; sourceTree = "<group>"; };
		6955F824260B9D50009E4614 /* EndpointProtocol.swift */ = {isa = PBXFileReference; lastKnownFileType = sourcecode.swift; path = EndpointProtocol.swift; sourceTree = "<group>"; };
		6955F82C260B9DA6009E4614 /* SurfingSpotsEndpoint.swift */ = {isa = PBXFileReference; lastKnownFileType = sourcecode.swift; path = SurfingSpotsEndpoint.swift; sourceTree = "<group>"; };
		6955F832260B9EDD009E4614 /* APIProvider.swift */ = {isa = PBXFileReference; lastKnownFileType = sourcecode.swift; path = APIProvider.swift; sourceTree = "<group>"; };
		6955F83A260B9F6C009E4614 /* APIError.swift */ = {isa = PBXFileReference; lastKnownFileType = sourcecode.swift; path = APIError.swift; sourceTree = "<group>"; };
		6955F83F260B9F7B009E4614 /* APIProviderErrors.swift */ = {isa = PBXFileReference; lastKnownFileType = sourcecode.swift; path = APIProviderErrors.swift; sourceTree = "<group>"; };
		6955F845260BA23B009E4614 /* SurfingSpot.swift */ = {isa = PBXFileReference; lastKnownFileType = sourcecode.swift; path = SurfingSpot.swift; sourceTree = "<group>"; };
		6955F84D260BA292009E4614 /* SurfingSpotResponse.swift */ = {isa = PBXFileReference; lastKnownFileType = sourcecode.swift; path = SurfingSpotResponse.swift; sourceTree = "<group>"; };
		6955F852260BA696009E4614 /* ActivityIndicator.swift */ = {isa = PBXFileReference; lastKnownFileType = sourcecode.swift; path = ActivityIndicator.swift; sourceTree = "<group>"; };
		6955F857260BA6B9009E4614 /* SurfingSpotsList.swift */ = {isa = PBXFileReference; lastKnownFileType = sourcecode.swift; path = SurfingSpotsList.swift; sourceTree = "<group>"; };
		6955F85C260BA6D7009E4614 /* SurfingSpotRow.swift */ = {isa = PBXFileReference; lastKnownFileType = sourcecode.swift; path = SurfingSpotRow.swift; sourceTree = "<group>"; };
		6955F862260BC2BD009E4614 /* AsyncImage.swift */ = {isa = PBXFileReference; lastKnownFileType = sourcecode.swift; path = AsyncImage.swift; sourceTree = "<group>"; };
		6955F867260BC2D2009E4614 /* ImageLoader.swift */ = {isa = PBXFileReference; lastKnownFileType = sourcecode.swift; path = ImageLoader.swift; sourceTree = "<group>"; };
		6955F8F0260CB398009E4614 /* SurfingSpotsGenerator.swift */ = {isa = PBXFileReference; lastKnownFileType = sourcecode.swift; path = SurfingSpotsGenerator.swift; sourceTree = "<group>"; };
		6955F8F5260CB3AA009E4614 /* SeededRandomizer.swift */ = {isa = PBXFileReference; lastKnownFileType = sourcecode.swift; path = SeededRandomizer.swift; sourceTree = "<group>"; };
		6955F8FA260CC6D2009E4614 /* SurfingSpotDegreeFormatter.swift */ = {isa = PBXFileReference; lastKnownFileType = sourcecode.swift; path = SurfingSpotDegreeFormatter.swift; sourceTree = "<group>"; };
		6955F8FF260CCB71009E4614 /* WeatherDegreeEndpoint.swift */ = {isa = PBXFileReference; lastKnownFileType = sourcecode.swift; path = WeatherDegreeEndpoint.swift; sourceTree = "<group>"; };
		6955F904260CCE54009E4614 /* String+Extension.swift */ = {isa = PBXFileReference; lastKnownFileType = sourcecode.swift; path = "String+Extension.swift"; sourceTree = "<group>"; };
		6955F909260CF4F7009E4614 /* Degree.swift */ = {isa = PBXFileReference; lastKnownFileType = sourcecode.swift; path = Degree.swift; sourceTree = "<group>"; };
/* End PBXFileReference section */

/* Begin PBXFrameworksBuildPhase section */
		6955F7DF260B9B4D009E4614 /* Frameworks */ = {
			isa = PBXFrameworksBuildPhase;
			buildActionMask = 2147483647;
			files = (
			);
			runOnlyForDeploymentPostprocessing = 0;
		};
		6955F7F0260B9B4F009E4614 /* Frameworks */ = {
			isa = PBXFrameworksBuildPhase;
			buildActionMask = 2147483647;
			files = (
			);
			runOnlyForDeploymentPostprocessing = 0;
		};
		6955F7FB260B9B4F009E4614 /* Frameworks */ = {
			isa = PBXFrameworksBuildPhase;
			buildActionMask = 2147483647;
			files = (
			);
			runOnlyForDeploymentPostprocessing = 0;
		};
/* End PBXFrameworksBuildPhase section */

/* Begin PBXGroup section */
		6955F7D9260B9B4C009E4614 = {
			isa = PBXGroup;
			children = (
				6955F7E4260B9B4D009E4614 /* NeatoTest */,
				6955F7F6260B9B4F009E4614 /* NeatoTestTests */,
				6955F801260B9B4F009E4614 /* NeatoTestUITests */,
				6955F7E3260B9B4D009E4614 /* Products */,
			);
			sourceTree = "<group>";
		};
		6955F7E3260B9B4D009E4614 /* Products */ = {
			isa = PBXGroup;
			children = (
				6955F7E2260B9B4D009E4614 /* NeatoTest.app */,
				6955F7F3260B9B4F009E4614 /* NeatoTestTests.xctest */,
				6955F7FE260B9B4F009E4614 /* NeatoTestUITests.xctest */,
			);
			name = Products;
			sourceTree = "<group>";
		};
		6955F7E4260B9B4D009E4614 /* NeatoTest */ = {
			isa = PBXGroup;
			children = (
				6955F91B260D3C03009E4614 /* Extensions */,
				6955F844260BA22A009E4614 /* Models */,
				6955F822260B9D36009E4614 /* Network */,
				6955F91C260D3C30009E4614 /* Resources */,
				6955F871260BC45C009E4614 /* Tools */,
				6955F813260B9B69009E4614 /* UI */,
			);
			path = NeatoTest;
			sourceTree = "<group>";
		};
		6955F7EB260B9B4F009E4614 /* Preview Content */ = {
			isa = PBXGroup;
			children = (
				6955F7EC260B9B4F009E4614 /* Preview Assets.xcassets */,
			);
			path = "Preview Content";
			sourceTree = "<group>";
		};
		6955F7F6260B9B4F009E4614 /* NeatoTestTests */ = {
			isa = PBXGroup;
			children = (
				6955F7F7260B9B4F009E4614 /* NeatoTestTests.swift */,
				6955F7F9260B9B4F009E4614 /* Info.plist */,
			);
			path = NeatoTestTests;
			sourceTree = "<group>";
		};
		6955F801260B9B4F009E4614 /* NeatoTestUITests */ = {
			isa = PBXGroup;
			children = (
				6955F802260B9B4F009E4614 /* NeatoTestUITests.swift */,
				6955F804260B9B4F009E4614 /* Info.plist */,
			);
			path = NeatoTestUITests;
			sourceTree = "<group>";
		};
		6955F813260B9B69009E4614 /* UI */ = {
			isa = PBXGroup;
			children = (
				6955F7E5260B9B4D009E4614 /* NeatoTestApp.swift */,
				6955F821260B9CB9009E4614 /* MainSurfingSpots */,
				6955F91A260D3BBA009E4614 /* Widgets */,
			);
			path = UI;
			sourceTree = "<group>";
		};
		6955F821260B9CB9009E4614 /* MainSurfingSpots */ = {
			isa = PBXGroup;
			children = (
				6955F814260B9C9F009E4614 /* MainSurfingSpotsView.swift */,
				6955F81C260B9CB3009E4614 /* MainSurfingSpotsViewModel.swift */,
			);
			path = MainSurfingSpots;
			sourceTree = "<group>";
		};
		6955F822260B9D36009E4614 /* Network */ = {
			isa = PBXGroup;
			children = (
				6955F83A260B9F6C009E4614 /* APIError.swift */,
				6955F832260B9EDD009E4614 /* APIProvider.swift */,
				6955F83F260B9F7B009E4614 /* APIProviderErrors.swift */,
				6955F823260B9D3E009E4614 /* Endpoints */,
			);
			path = Network;
			sourceTree = "<group>";
		};
		6955F823260B9D3E009E4614 /* Endpoints */ = {
			isa = PBXGroup;
			children = (
				6955F824260B9D50009E4614 /* EndpointProtocol.swift */,
				6955F82C260B9DA6009E4614 /* SurfingSpotsEndpoint.swift */,
				6955F8FF260CCB71009E4614 /* WeatherDegreeEndpoint.swift */,
			);
			path = Endpoints;
			sourceTree = "<group>";
		};
		6955F844260BA22A009E4614 /* Models */ = {
			isa = PBXGroup;
			children = (
				6955F909260CF4F7009E4614 /* Degree.swift */,
				6955F845260BA23B009E4614 /* SurfingSpot.swift */,
				6955F84D260BA292009E4614 /* SurfingSpotResponse.swift */,
			);
			path = Models;
			sourceTree = "<group>";
		};
		6955F871260BC45C009E4614 /* Tools */ = {
			isa = PBXGroup;
			children = (
				6955F867260BC2D2009E4614 /* ImageLoader.swift */,
				6955F8F5260CB3AA009E4614 /* SeededRandomizer.swift */,
				6955F8FA260CC6D2009E4614 /* SurfingSpotDegreeFormatter.swift */,
				6955F8F0260CB398009E4614 /* SurfingSpotsGenerator.swift */,
			);
			path = Tools;
			sourceTree = "<group>";
		};
		6955F91A260D3BBA009E4614 /* Widgets */ = {
			isa = PBXGroup;
			children = (
				6955F852260BA696009E4614 /* ActivityIndicator.swift */,
				6955F862260BC2BD009E4614 /* AsyncImage.swift */,
				6955F85C260BA6D7009E4614 /* SurfingSpotRow.swift */,
				6955F857260BA6B9009E4614 /* SurfingSpotsList.swift */,
			);
			path = Widgets;
			sourceTree = "<group>";
		};
		6955F91B260D3C03009E4614 /* Extensions */ = {
			isa = PBXGroup;
			children = (
				6955F904260CCE54009E4614 /* String+Extension.swift */,
			);
			path = Extensions;
			sourceTree = "<group>";
		};
		6955F91C260D3C30009E4614 /* Resources */ = {
			isa = PBXGroup;
			children = (
				6955F7EE260B9B4F009E4614 /* Info.plist */,
				6955F7E9260B9B4F009E4614 /* Assets.xcassets */,
				6955F7EB260B9B4F009E4614 /* Preview Content */,
			);
			path = Resources;
			sourceTree = "<group>";
		};
/* End PBXGroup section */

/* Begin PBXNativeTarget section */
		6955F7E1260B9B4D009E4614 /* NeatoTest */ = {
			isa = PBXNativeTarget;
			buildConfigurationList = 6955F807260B9B4F009E4614 /* Build configuration list for PBXNativeTarget "NeatoTest" */;
			buildPhases = (
				6955F7DE260B9B4D009E4614 /* Sources */,
				6955F7DF260B9B4D009E4614 /* Frameworks */,
				6955F7E0260B9B4D009E4614 /* Resources */,
			);
			buildRules = (
			);
			dependencies = (
			);
			name = NeatoTest;
			productName = NeatoTest;
			productReference = 6955F7E2260B9B4D009E4614 /* NeatoTest.app */;
			productType = "com.apple.product-type.application";
		};
		6955F7F2260B9B4F009E4614 /* NeatoTestTests */ = {
			isa = PBXNativeTarget;
			buildConfigurationList = 6955F80A260B9B4F009E4614 /* Build configuration list for PBXNativeTarget "NeatoTestTests" */;
			buildPhases = (
				6955F7EF260B9B4F009E4614 /* Sources */,
				6955F7F0260B9B4F009E4614 /* Frameworks */,
				6955F7F1260B9B4F009E4614 /* Resources */,
			);
			buildRules = (
			);
			dependencies = (
				6955F7F5260B9B4F009E4614 /* PBXTargetDependency */,
			);
			name = NeatoTestTests;
			productName = NeatoTestTests;
			productReference = 6955F7F3260B9B4F009E4614 /* NeatoTestTests.xctest */;
			productType = "com.apple.product-type.bundle.unit-test";
		};
		6955F7FD260B9B4F009E4614 /* NeatoTestUITests */ = {
			isa = PBXNativeTarget;
			buildConfigurationList = 6955F80D260B9B4F009E4614 /* Build configuration list for PBXNativeTarget "NeatoTestUITests" */;
			buildPhases = (
				6955F7FA260B9B4F009E4614 /* Sources */,
				6955F7FB260B9B4F009E4614 /* Frameworks */,
				6955F7FC260B9B4F009E4614 /* Resources */,
			);
			buildRules = (
			);
			dependencies = (
				6955F800260B9B4F009E4614 /* PBXTargetDependency */,
			);
			name = NeatoTestUITests;
			productName = NeatoTestUITests;
			productReference = 6955F7FE260B9B4F009E4614 /* NeatoTestUITests.xctest */;
			productType = "com.apple.product-type.bundle.ui-testing";
		};
/* End PBXNativeTarget section */

/* Begin PBXProject section */
		6955F7DA260B9B4C009E4614 /* Project object */ = {
			isa = PBXProject;
			attributes = {
				LastSwiftUpdateCheck = 1240;
				LastUpgradeCheck = 1240;
				TargetAttributes = {
					6955F7E1260B9B4D009E4614 = {
						CreatedOnToolsVersion = 12.4;
					};
					6955F7F2260B9B4F009E4614 = {
						CreatedOnToolsVersion = 12.4;
						TestTargetID = 6955F7E1260B9B4D009E4614;
					};
					6955F7FD260B9B4F009E4614 = {
						CreatedOnToolsVersion = 12.4;
						TestTargetID = 6955F7E1260B9B4D009E4614;
					};
				};
			};
			buildConfigurationList = 6955F7DD260B9B4C009E4614 /* Build configuration list for PBXProject "NeatoTest" */;
			compatibilityVersion = "Xcode 9.3";
			developmentRegion = en;
			hasScannedForEncodings = 0;
			knownRegions = (
				en,
				Base,
			);
			mainGroup = 6955F7D9260B9B4C009E4614;
			productRefGroup = 6955F7E3260B9B4D009E4614 /* Products */;
			projectDirPath = "";
			projectRoot = "";
			targets = (
				6955F7E1260B9B4D009E4614 /* NeatoTest */,
				6955F7F2260B9B4F009E4614 /* NeatoTestTests */,
				6955F7FD260B9B4F009E4614 /* NeatoTestUITests */,
			);
		};
/* End PBXProject section */

/* Begin PBXResourcesBuildPhase section */
		6955F7E0260B9B4D009E4614 /* Resources */ = {
			isa = PBXResourcesBuildPhase;
			buildActionMask = 2147483647;
			files = (
				6955F7ED260B9B4F009E4614 /* Preview Assets.xcassets in Resources */,
				6955F7EA260B9B4F009E4614 /* Assets.xcassets in Resources */,
			);
			runOnlyForDeploymentPostprocessing = 0;
		};
		6955F7F1260B9B4F009E4614 /* Resources */ = {
			isa = PBXResourcesBuildPhase;
			buildActionMask = 2147483647;
			files = (
			);
			runOnlyForDeploymentPostprocessing = 0;
		};
		6955F7FC260B9B4F009E4614 /* Resources */ = {
			isa = PBXResourcesBuildPhase;
			buildActionMask = 2147483647;
			files = (
			);
			runOnlyForDeploymentPostprocessing = 0;
		};
/* End PBXResourcesBuildPhase section */

/* Begin PBXSourcesBuildPhase section */
		6955F7DE260B9B4D009E4614 /* Sources */ = {
			isa = PBXSourcesBuildPhase;
			buildActionMask = 2147483647;
			files = (
				6955F8F1260CB398009E4614 /* SurfingSpotsGenerator.swift in Sources */,
				6955F7E6260B9B4D009E4614 /* NeatoTestApp.swift in Sources */,
				6955F833260B9EDD009E4614 /* APIProvider.swift in Sources */,
				6955F825260B9D50009E4614 /* EndpointProtocol.swift in Sources */,
				6955F858260BA6B9009E4614 /* SurfingSpotsList.swift in Sources */,
				6955F853260BA696009E4614 /* ActivityIndicator.swift in Sources */,
				6955F868260BC2D2009E4614 /* ImageLoader.swift in Sources */,
				6955F82D260B9DA6009E4614 /* SurfingSpotsEndpoint.swift in Sources */,
				6955F900260CCB71009E4614 /* WeatherDegreeEndpoint.swift in Sources */,
				6955F905260CCE54009E4614 /* String+Extension.swift in Sources */,
				6955F840260B9F7B009E4614 /* APIProviderErrors.swift in Sources */,
				6955F846260BA23B009E4614 /* SurfingSpot.swift in Sources */,
				6955F83B260B9F6C009E4614 /* APIError.swift in Sources */,
				6955F863260BC2BD009E4614 /* AsyncImage.swift in Sources */,
				6955F81D260B9CB3009E4614 /* MainSurfingSpotsViewModel.swift in Sources */,
				6955F84E260BA292009E4614 /* SurfingSpotResponse.swift in Sources */,
				6955F90A260CF4F7009E4614 /* Degree.swift in Sources */,
				6955F8FB260CC6D2009E4614 /* SurfingSpotDegreeFormatter.swift in Sources */,
				6955F8F6260CB3AA009E4614 /* SeededRandomizer.swift in Sources */,
				6955F815260B9C9F009E4614 /* MainSurfingSpotsView.swift in Sources */,
				6955F85D260BA6D7009E4614 /* SurfingSpotRow.swift in Sources */,
			);
			runOnlyForDeploymentPostprocessing = 0;
		};
		6955F7EF260B9B4F009E4614 /* Sources */ = {
			isa = PBXSourcesBuildPhase;
			buildActionMask = 2147483647;
			files = (
				6955F7F8260B9B4F009E4614 /* NeatoTestTests.swift in Sources */,
			);
			runOnlyForDeploymentPostprocessing = 0;
		};
		6955F7FA260B9B4F009E4614 /* Sources */ = {
			isa = PBXSourcesBuildPhase;
			buildActionMask = 2147483647;
			files = (
				6955F803260B9B4F009E4614 /* NeatoTestUITests.swift in Sources */,
			);
			runOnlyForDeploymentPostprocessing = 0;
		};
/* End PBXSourcesBuildPhase section */

/* Begin PBXTargetDependency section */
		6955F7F5260B9B4F009E4614 /* PBXTargetDependency */ = {
			isa = PBXTargetDependency;
			target = 6955F7E1260B9B4D009E4614 /* NeatoTest */;
			targetProxy = 6955F7F4260B9B4F009E4614 /* PBXContainerItemProxy */;
		};
		6955F800260B9B4F009E4614 /* PBXTargetDependency */ = {
			isa = PBXTargetDependency;
			target = 6955F7E1260B9B4D009E4614 /* NeatoTest */;
			targetProxy = 6955F7FF260B9B4F009E4614 /* PBXContainerItemProxy */;
		};
/* End PBXTargetDependency section */

/* Begin XCBuildConfiguration section */
		6955F805260B9B4F009E4614 /* Debug */ = {
			isa = XCBuildConfiguration;
			buildSettings = {
				ALWAYS_SEARCH_USER_PATHS = NO;
				CLANG_ANALYZER_NONNULL = YES;
				CLANG_ANALYZER_NUMBER_OBJECT_CONVERSION = YES_AGGRESSIVE;
				CLANG_CXX_LANGUAGE_STANDARD = "gnu++14";
				CLANG_CXX_LIBRARY = "libc++";
				CLANG_ENABLE_MODULES = YES;
				CLANG_ENABLE_OBJC_ARC = YES;
				CLANG_ENABLE_OBJC_WEAK = YES;
				CLANG_WARN_BLOCK_CAPTURE_AUTORELEASING = YES;
				CLANG_WARN_BOOL_CONVERSION = YES;
				CLANG_WARN_COMMA = YES;
				CLANG_WARN_CONSTANT_CONVERSION = YES;
				CLANG_WARN_DEPRECATED_OBJC_IMPLEMENTATIONS = YES;
				CLANG_WARN_DIRECT_OBJC_ISA_USAGE = YES_ERROR;
				CLANG_WARN_DOCUMENTATION_COMMENTS = YES;
				CLANG_WARN_EMPTY_BODY = YES;
				CLANG_WARN_ENUM_CONVERSION = YES;
				CLANG_WARN_INFINITE_RECURSION = YES;
				CLANG_WARN_INT_CONVERSION = YES;
				CLANG_WARN_NON_LITERAL_NULL_CONVERSION = YES;
				CLANG_WARN_OBJC_IMPLICIT_RETAIN_SELF = YES;
				CLANG_WARN_OBJC_LITERAL_CONVERSION = YES;
				CLANG_WARN_OBJC_ROOT_CLASS = YES_ERROR;
				CLANG_WARN_QUOTED_INCLUDE_IN_FRAMEWORK_HEADER = YES;
				CLANG_WARN_RANGE_LOOP_ANALYSIS = YES;
				CLANG_WARN_STRICT_PROTOTYPES = YES;
				CLANG_WARN_SUSPICIOUS_MOVE = YES;
				CLANG_WARN_UNGUARDED_AVAILABILITY = YES_AGGRESSIVE;
				CLANG_WARN_UNREACHABLE_CODE = YES;
				CLANG_WARN__DUPLICATE_METHOD_MATCH = YES;
				COPY_PHASE_STRIP = NO;
				DEBUG_INFORMATION_FORMAT = dwarf;
				ENABLE_STRICT_OBJC_MSGSEND = YES;
				ENABLE_TESTABILITY = YES;
				GCC_C_LANGUAGE_STANDARD = gnu11;
				GCC_DYNAMIC_NO_PIC = NO;
				GCC_NO_COMMON_BLOCKS = YES;
				GCC_OPTIMIZATION_LEVEL = 0;
				GCC_PREPROCESSOR_DEFINITIONS = (
					"DEBUG=1",
					"$(inherited)",
				);
				GCC_WARN_64_TO_32_BIT_CONVERSION = YES;
				GCC_WARN_ABOUT_RETURN_TYPE = YES_ERROR;
				GCC_WARN_UNDECLARED_SELECTOR = YES;
				GCC_WARN_UNINITIALIZED_AUTOS = YES_AGGRESSIVE;
				GCC_WARN_UNUSED_FUNCTION = YES;
				GCC_WARN_UNUSED_VARIABLE = YES;
				IPHONEOS_DEPLOYMENT_TARGET = 14.0;
				MTL_ENABLE_DEBUG_INFO = INCLUDE_SOURCE;
				MTL_FAST_MATH = YES;
				ONLY_ACTIVE_ARCH = YES;
				SDKROOT = iphoneos;
				SWIFT_ACTIVE_COMPILATION_CONDITIONS = DEBUG;
				SWIFT_OPTIMIZATION_LEVEL = "-Onone";
			};
			name = Debug;
		};
		6955F806260B9B4F009E4614 /* Release */ = {
			isa = XCBuildConfiguration;
			buildSettings = {
				ALWAYS_SEARCH_USER_PATHS = NO;
				CLANG_ANALYZER_NONNULL = YES;
				CLANG_ANALYZER_NUMBER_OBJECT_CONVERSION = YES_AGGRESSIVE;
				CLANG_CXX_LANGUAGE_STANDARD = "gnu++14";
				CLANG_CXX_LIBRARY = "libc++";
				CLANG_ENABLE_MODULES = YES;
				CLANG_ENABLE_OBJC_ARC = YES;
				CLANG_ENABLE_OBJC_WEAK = YES;
				CLANG_WARN_BLOCK_CAPTURE_AUTORELEASING = YES;
				CLANG_WARN_BOOL_CONVERSION = YES;
				CLANG_WARN_COMMA = YES;
				CLANG_WARN_CONSTANT_CONVERSION = YES;
				CLANG_WARN_DEPRECATED_OBJC_IMPLEMENTATIONS = YES;
				CLANG_WARN_DIRECT_OBJC_ISA_USAGE = YES_ERROR;
				CLANG_WARN_DOCUMENTATION_COMMENTS = YES;
				CLANG_WARN_EMPTY_BODY = YES;
				CLANG_WARN_ENUM_CONVERSION = YES;
				CLANG_WARN_INFINITE_RECURSION = YES;
				CLANG_WARN_INT_CONVERSION = YES;
				CLANG_WARN_NON_LITERAL_NULL_CONVERSION = YES;
				CLANG_WARN_OBJC_IMPLICIT_RETAIN_SELF = YES;
				CLANG_WARN_OBJC_LITERAL_CONVERSION = YES;
				CLANG_WARN_OBJC_ROOT_CLASS = YES_ERROR;
				CLANG_WARN_QUOTED_INCLUDE_IN_FRAMEWORK_HEADER = YES;
				CLANG_WARN_RANGE_LOOP_ANALYSIS = YES;
				CLANG_WARN_STRICT_PROTOTYPES = YES;
				CLANG_WARN_SUSPICIOUS_MOVE = YES;
				CLANG_WARN_UNGUARDED_AVAILABILITY = YES_AGGRESSIVE;
				CLANG_WARN_UNREACHABLE_CODE = YES;
				CLANG_WARN__DUPLICATE_METHOD_MATCH = YES;
				COPY_PHASE_STRIP = NO;
				DEBUG_INFORMATION_FORMAT = "dwarf-with-dsym";
				ENABLE_NS_ASSERTIONS = NO;
				ENABLE_STRICT_OBJC_MSGSEND = YES;
				GCC_C_LANGUAGE_STANDARD = gnu11;
				GCC_NO_COMMON_BLOCKS = YES;
				GCC_WARN_64_TO_32_BIT_CONVERSION = YES;
				GCC_WARN_ABOUT_RETURN_TYPE = YES_ERROR;
				GCC_WARN_UNDECLARED_SELECTOR = YES;
				GCC_WARN_UNINITIALIZED_AUTOS = YES_AGGRESSIVE;
				GCC_WARN_UNUSED_FUNCTION = YES;
				GCC_WARN_UNUSED_VARIABLE = YES;
				IPHONEOS_DEPLOYMENT_TARGET = 14.0;
				MTL_ENABLE_DEBUG_INFO = NO;
				MTL_FAST_MATH = YES;
				SDKROOT = iphoneos;
				SWIFT_COMPILATION_MODE = wholemodule;
				SWIFT_OPTIMIZATION_LEVEL = "-O";
				VALIDATE_PRODUCT = YES;
			};
			name = Release;
		};
		6955F808260B9B4F009E4614 /* Debug */ = {
			isa = XCBuildConfiguration;
			buildSettings = {
				ASSETCATALOG_COMPILER_APPICON_NAME = AppIcon;
				ASSETCATALOG_COMPILER_GLOBAL_ACCENT_COLOR_NAME = AccentColor;
				CODE_SIGN_STYLE = Automatic;
				DEVELOPMENT_ASSET_PATHS = "\"NeatoTest/Resources/Preview Content\"";
				DEVELOPMENT_TEAM = VQ52VJJMZJ;
				ENABLE_PREVIEWS = YES;
				INFOPLIST_FILE = NeatoTest/Resources/Info.plist;
				IPHONEOS_DEPLOYMENT_TARGET = 14.0;
				LD_RUNPATH_SEARCH_PATHS = (
					"$(inherited)",
					"@executable_path/Frameworks",
				);
				PRODUCT_BUNDLE_IDENTIFIER = com.pisa.NeatoTest;
				PRODUCT_NAME = "$(TARGET_NAME)";
				SWIFT_VERSION = 5.0;
				TARGETED_DEVICE_FAMILY = "1,2";
			};
			name = Debug;
		};
		6955F809260B9B4F009E4614 /* Release */ = {
			isa = XCBuildConfiguration;
			buildSettings = {
				ASSETCATALOG_COMPILER_APPICON_NAME = AppIcon;
				ASSETCATALOG_COMPILER_GLOBAL_ACCENT_COLOR_NAME = AccentColor;
				CODE_SIGN_STYLE = Automatic;
				DEVELOPMENT_ASSET_PATHS = "\"NeatoTest/Resources/Preview Content\"";
				DEVELOPMENT_TEAM = VQ52VJJMZJ;
				ENABLE_PREVIEWS = YES;
				INFOPLIST_FILE = NeatoTest/Resources/Info.plist;
				IPHONEOS_DEPLOYMENT_TARGET = 14.0;
				LD_RUNPATH_SEARCH_PATHS = (
					"$(inherited)",
					"@executable_path/Frameworks",
				);
				PRODUCT_BUNDLE_IDENTIFIER = com.pisa.NeatoTest;
				PRODUCT_NAME = "$(TARGET_NAME)";
				SWIFT_VERSION = 5.0;
				TARGETED_DEVICE_FAMILY = "1,2";
			};
			name = Release;
		};
		6955F80B260B9B4F009E4614 /* Debug */ = {
			isa = XCBuildConfiguration;
			buildSettings = {
				ALWAYS_EMBED_SWIFT_STANDARD_LIBRARIES = YES;
				BUNDLE_LOADER = "$(TEST_HOST)";
				CODE_SIGN_STYLE = Automatic;
				DEVELOPMENT_TEAM = VQ52VJJMZJ;
				INFOPLIST_FILE = NeatoTestTests/Info.plist;
				IPHONEOS_DEPLOYMENT_TARGET = 14.0;
				LD_RUNPATH_SEARCH_PATHS = (
					"$(inherited)",
					"@executable_path/Frameworks",
					"@loader_path/Frameworks",
				);
				PRODUCT_BUNDLE_IDENTIFIER = com.pisa.NeatoTestTests;
				PRODUCT_NAME = "$(TARGET_NAME)";
				SWIFT_VERSION = 5.0;
				TARGETED_DEVICE_FAMILY = "1,2";
				TEST_HOST = "$(BUILT_PRODUCTS_DIR)/NeatoTest.app/NeatoTest";
			};
			name = Debug;
		};
		6955F80C260B9B4F009E4614 /* Release */ = {
			isa = XCBuildConfiguration;
			buildSettings = {
				ALWAYS_EMBED_SWIFT_STANDARD_LIBRARIES = YES;
				BUNDLE_LOADER = "$(TEST_HOST)";
				CODE_SIGN_STYLE = Automatic;
				DEVELOPMENT_TEAM = VQ52VJJMZJ;
				INFOPLIST_FILE = NeatoTestTests/Info.plist;
				IPHONEOS_DEPLOYMENT_TARGET = 14.0;
				LD_RUNPATH_SEARCH_PATHS = (
					"$(inherited)",
					"@executable_path/Frameworks",
					"@loader_path/Frameworks",
				);
				PRODUCT_BUNDLE_IDENTIFIER = com.pisa.NeatoTestTests;
				PRODUCT_NAME = "$(TARGET_NAME)";
				SWIFT_VERSION = 5.0;
				TARGETED_DEVICE_FAMILY = "1,2";
				TEST_HOST = "$(BUILT_PRODUCTS_DIR)/NeatoTest.app/NeatoTest";
			};
			name = Release;
		};
		6955F80E260B9B4F009E4614 /* Debug */ = {
			isa = XCBuildConfiguration;
			buildSettings = {
				ALWAYS_EMBED_SWIFT_STANDARD_LIBRARIES = YES;
				CODE_SIGN_STYLE = Automatic;
				DEVELOPMENT_TEAM = VQ52VJJMZJ;
				INFOPLIST_FILE = NeatoTestUITests/Info.plist;
				LD_RUNPATH_SEARCH_PATHS = (
					"$(inherited)",
					"@executable_path/Frameworks",
					"@loader_path/Frameworks",
				);
				PRODUCT_BUNDLE_IDENTIFIER = com.pisa.NeatoTestUITests;
				PRODUCT_NAME = "$(TARGET_NAME)";
				SWIFT_VERSION = 5.0;
				TARGETED_DEVICE_FAMILY = "1,2";
				TEST_TARGET_NAME = NeatoTest;
			};
			name = Debug;
		};
		6955F80F260B9B4F009E4614 /* Release */ = {
			isa = XCBuildConfiguration;
			buildSettings = {
				ALWAYS_EMBED_SWIFT_STANDARD_LIBRARIES = YES;
				CODE_SIGN_STYLE = Automatic;
				DEVELOPMENT_TEAM = VQ52VJJMZJ;
				INFOPLIST_FILE = NeatoTestUITests/Info.plist;
				LD_RUNPATH_SEARCH_PATHS = (
					"$(inherited)",
					"@executable_path/Frameworks",
					"@loader_path/Frameworks",
				);
				PRODUCT_BUNDLE_IDENTIFIER = com.pisa.NeatoTestUITests;
				PRODUCT_NAME = "$(TARGET_NAME)";
				SWIFT_VERSION = 5.0;
				TARGETED_DEVICE_FAMILY = "1,2";
				TEST_TARGET_NAME = NeatoTest;
			};
			name = Release;
		};
/* End XCBuildConfiguration section */

/* Begin XCConfigurationList section */
		6955F7DD260B9B4C009E4614 /* Build configuration list for PBXProject "NeatoTest" */ = {
			isa = XCConfigurationList;
			buildConfigurations = (
				6955F805260B9B4F009E4614 /* Debug */,
				6955F806260B9B4F009E4614 /* Release */,
			);
			defaultConfigurationIsVisible = 0;
			defaultConfigurationName = Release;
		};
		6955F807260B9B4F009E4614 /* Build configuration list for PBXNativeTarget "NeatoTest" */ = {
			isa = XCConfigurationList;
			buildConfigurations = (
				6955F808260B9B4F009E4614 /* Debug */,
				6955F809260B9B4F009E4614 /* Release */,
			);
			defaultConfigurationIsVisible = 0;
			defaultConfigurationName = Release;
		};
		6955F80A260B9B4F009E4614 /* Build configuration list for PBXNativeTarget "NeatoTestTests" */ = {
			isa = XCConfigurationList;
			buildConfigurations = (
				6955F80B260B9B4F009E4614 /* Debug */,
				6955F80C260B9B4F009E4614 /* Release */,
			);
			defaultConfigurationIsVisible = 0;
			defaultConfigurationName = Release;
		};
		6955F80D260B9B4F009E4614 /* Build configuration list for PBXNativeTarget "NeatoTestUITests" */ = {
			isa = XCConfigurationList;
			buildConfigurations = (
				6955F80E260B9B4F009E4614 /* Debug */,
				6955F80F260B9B4F009E4614 /* Release */,
			);
			defaultConfigurationIsVisible = 0;
			defaultConfigurationName = Release;
		};
/* End XCConfigurationList section */
	};
	rootObject = 6955F7DA260B9B4C009E4614 /* Project object */;
}
